{
  "lockfileVersion": 1,
  "configVersion": 0,
  "workspaces": {
    "": {
      "name": "testeranto-example",
      "dependencies": {
        "testeranto.tiposkripto": "0.1.4",
      },
      "devDependencies": {
        "typescript": "^5.9.3",
      },
    },
  },
  "packages": {
    "testeranto.tiposkripto": ["testeranto.tiposkripto@0.1.4", "", { "dependencies": { "typescript": "^5.9.3" } }, "sha512-YHwntnNOhwfaJ8SEgej7NuAAiYNO1fc1988MrnCIDilioQf6pv3EgjPrHNp0gEypk2M5INNNW09aNAN0MMNWDQ=="],

    "typescript": ["typescript@5.9.3", "", { "bin": { "tsc": "bin/tsc", "tsserver": "bin/tsserver" } }, "sha512-jl1vZzPDinLr9eUt3J/t7V6FgNEw9QjvBPdysz9KfQDD41fQrC2Y4vKQdiaUpFT4bXlb1RHhLpp8wtm6M5TgSw=="],
  }
}
